// !$*UTF8*$!
{
	archiveVersion = 1;
	classes = {
	};
	objectVersion = 46;
	objects = {

/* Begin PBXBuildFile section */
		CD1DA7BD1F604037005B6D29 /* AppDelegate.swift in Sources */ = {isa = PBXBuildFile; fileRef = CD1DA7BC1F604037005B6D29 /* AppDelegate.swift */; };
		CD1DA7BF1F604037005B6D29 /* ViewController.swift in Sources */ = {isa = PBXBuildFile; fileRef = CD1DA7BE1F604037005B6D29 /* ViewController.swift */; };
		CD1DA7C21F604037005B6D29 /* Main.storyboard in Resources */ = {isa = PBXBuildFile; fileRef = CD1DA7C01F604037005B6D29 /* Main.storyboard */; };
		CD1DA7C41F604037005B6D29 /* Assets.xcassets in Resources */ = {isa = PBXBuildFile; fileRef = CD1DA7C31F604037005B6D29 /* Assets.xcassets */; };
		CD1DA7C71F604037005B6D29 /* LaunchScreen.storyboard in Resources */ = {isa = PBXBuildFile; fileRef = CD1DA7C51F604037005B6D29 /* LaunchScreen.storyboard */; };
		CD1DA7CF1F604E49005B6D29 /* LocationSearchTable.swift in Sources */ = {isa = PBXBuildFile; fileRef = CD1DA7CE1F604E49005B6D29 /* LocationSearchTable.swift */; };
/* End PBXBuildFile section */

/* Begin PBXFileReference section */
		CD1DA7B91F604037005B6D29 /* MapkitExample.app */ = {isa = PBXFileReference; explicitFileType = wrapper.application; includeInIndex = 0; path = MapkitExample.app; sourceTree = BUILT_PRODUCTS_DIR; };
		CD1DA7BC1F604037005B6D29 /* AppDelegate.swift */ = {isa = PBXFileReference; lastKnownFileType = sourcecode.swift; path = AppDelegate.swift; sourceTree = "<group>"; };
		CD1DA7BE1F604037005B6D29 /* ViewController.swift */ = {isa = PBXFileReference; lastKnownFileType = sourcecode.swift; path = ViewController.swift; sourceTree = "<group>"; };
		CD1DA7C11F604037005B6D29 /* Base */ = {isa = PBXFileReference; lastKnownFileType = file.storyboard; name = Base; path = Base.lproj/Main.storyboard; sourceTree = "<group>"; };
		CD1DA7C31F604037005B6D29 /* Assets.xcassets */ = {isa = PBXFileReference; lastKnownFileType = folder.assetcatalog; path = Assets.xcassets; sourceTree = "<group>"; };
		CD1DA7C61F604037005B6D29 /* Base */ = {isa = PBXFileReference; lastKnownFileType = file.storyboard; name = Base; path = Base.lproj/LaunchScreen.storyboard; sourceTree = "<group>"; };
		CD1DA7C81F604037005B6D29 /* Info.plist */ = {isa = PBXFileReference; lastKnownFileType = text.plist.xml; path = Info.plist; sourceTree = "<group>"; };
		CD1DA7CE1F604E49005B6D29 /* LocationSearchTable.swift */ = {isa = PBXFileReference; fileEncoding = 4; lastKnownFileType = sourcecode.swift; path = LocationSearchTable.swift; sourceTree = "<group>"; };
/* End PBXFileReference section */

/* Begin PBXFrameworksBuildPhase section */
		CD1DA7B61F604037005B6D29 /* Frameworks */ = {
			isa = PBXFrameworksBuildPhase;
			buildActionMask = 2147483647;
			files = (
			);
			runOnlyForDeploymentPostprocessing = 0;
		};
/* End PBXFrameworksBuildPhase section */

/* Begin PBXGroup section */
		CD1DA7B01F604037005B6D29 = {
			isa = PBXGroup;
			children = (
				CD1DA7BB1F604037005B6D29 /* MapkitExample */,
				CD1DA7BA1F604037005B6D29 /* Products */,
			);
			sourceTree = "<group>";
		};
		CD1DA7BA1F604037005B6D29 /* Products */ = {
			isa = PBXGroup;
			children = (
				CD1DA7B91F604037005B6D29 /* MapkitExample.app */,
			);
			name = Products;
			sourceTree = "<group>";
		};
		CD1DA7BB1F604037005B6D29 /* MapkitExample */ = {
			isa = PBXGroup;
			children = (
				CD1DA7BC1F604037005B6D29 /* AppDelegate.swift */,
				CD1DA7BE1F604037005B6D29 /* ViewController.swift */,
				CD1DA7CE1F604E49005B6D29 /* LocationSearchTable.swift */,
				CD1DA7C01F604037005B6D29 /* Main.storyboard */,
				CD1DA7C31F604037005B6D29 /* Assets.xcassets */,
				CD1DA7C51F604037005B6D29 /* LaunchScreen.storyboard */,
				CD1DA7C81F604037005B6D29 /* Info.plist */,
			);
			path = MapkitExample;
			sourceTree = "<group>";
		};
/* End PBXGroup section */

/* Begin PBXNativeTarget section */
		CD1DA7B81F604037005B6D29 /* MapkitExample */ = {
			isa = PBXNativeTarget;
			buildConfigurationList = CD1DA7CB1F604037005B6D29 /* Build configuration list for PBXNativeTarget "MapkitExample" */;
			buildPhases = (
				CD1DA7B51F604037005B6D29 /* Sources */,
				CD1DA7B61F604037005B6D29 /* Frameworks */,
				CD1DA7B71F604037005B6D29 /* Resources */,
			);
			buildRules = (
			);
			dependencies = (
			);
			name = MapkitExample;
			productName = MapkitExample;
			productReference = CD1DA7B91F604037005B6D29 /* MapkitExample.app */;
			productType = "com.apple.product-type.application";
		};
/* End PBXNativeTarget section */

/* Begin PBXProject section */
		CD1DA7B11F604037005B6D29 /* Project object */ = {
			isa = PBXProject;
			attributes = {
				LastSwiftUpdateCheck = 0830;
				LastUpgradeCheck = 0830;
				ORGANIZATIONNAME = "Kenton D. Raiford";
				TargetAttributes = {
					CD1DA7B81F604037005B6D29 = {
						CreatedOnToolsVersion = 8.3.3;
						DevelopmentTeam = 73TVPW27J7;
						ProvisioningStyle = Automatic;
					};
				};
			};
			buildConfigurationList = CD1DA7B41F604037005B6D29 /* Build configuration list for PBXProject "MapkitExample" */;
			compatibilityVersion = "Xcode 3.2";
			developmentRegion = English;
			hasScannedForEncodings = 0;
			knownRegions = (
				en,
				Base,
			);
			mainGroup = CD1DA7B01F604037005B6D29;
			productRefGroup = CD1DA7BA1F604037005B6D29 /* Products */;
			projectDirPath = "";
			projectRoot = "";
			targets = (
				CD1DA7B81F604037005B6D29 /* MapkitExample */,
			);
		};
/* End PBXProject section */

/* Begin PBXResourcesBuildPhase section */
		CD1DA7B71F604037005B6D29 /* Resources */ = {
			isa = PBXResourcesBuildPhase;
			buildActionMask = 2147483647;
			files = (
				CD1DA7C71F604037005B6D29 /* LaunchScreen.storyboard in Resources */,
				CD1DA7C41F604037005B6D29 /* Assets.xcassets in Resources */,
				CD1DA7C21F604037005B6D29 /* Main.storyboard in Resources */,
			);
			runOnlyForDeploymentPostprocessing = 0;
		};
/* End PBXResourcesBuildPhase section */

/* Begin PBXSourcesBuildPhase section */
		CD1DA7B51F604037005B6D29 /* Sources */ = {
			isa = PBXSourcesBuildPhase;
			buildActionMask = 2147483647;
			files = (
				CD1DA7CF1F604E49005B6D29 /* LocationSearchTable.swift in Sources */,
				CD1DA7BF1F604037005B6D29 /* ViewController.swift in Sources */,
				CD1DA7BD1F604037005B6D29 /* AppDelegate.swift in Sources */,
			);
			runOnlyForDeploymentPostprocessing = 0;
		};
/* End PBXSourcesBuildPhase section */

/* Begin PBXVariantGroup section */
		CD1DA7C01F604037005B6D29 /* Main.storyboard */ = {
			isa = PBXVariantGroup;
			children = (
				CD1DA7C11F604037005B6D29 /* Base */,
			);
			name = Main.storyboard;
			sourceTree = "<group>";
		};
		CD1DA7C51F604037005B6D29 /* LaunchScreen.storyboard */ = {
			isa = PBXVariantGroup;
			children = (
				CD1DA7C61F604037005B6D29 /* Base */,
			);
			name = LaunchScreen.storyboard;
			sourceTree = "<group>";
		};
/* End PBXVariantGroup section */

/* Begin XCBuildConfiguration section */
		CD1DA7C91F604037005B6D29 /* Debug */ = {
			isa = XCBuildConfiguration;
			buildSettings = {
				ALWAYS_SEARCH_USER_PATHS = NO;
				CLANG_ANALYZER_NONNULL = YES;
				CLANG_ANALYZER_NUMBER_OBJECT_CONVERSION = YES_AGGRESSIVE;
				CLANG_CXX_LANGUAGE_STANDARD = "gnu++0x";
				CLANG_CXX_LIBRARY = "libc++";
				CLANG_ENABLE_MODULES = YES;
				CLANG_ENABLE_OBJC_ARC = YES;
				CLANG_WARN_BOOL_CONVERSION = YES;
				CLANG_WARN_CONSTANT_CONVERSION = YES;
				CLANG_WARN_DIRECT_OBJC_ISA_USAGE = YES_ERROR;
				CLANG_WARN_DOCUMENTATION_COMMENTS = YES;
				CLANG_WARN_EMPTY_BODY = YES;
				CLANG_WARN_ENUM_CONVERSION = YES;
				CLANG_WARN_INFINITE_RECURSION = YES;
				CLANG_WARN_INT_CONVERSION = YES;
				CLANG_WARN_OBJC_ROOT_CLASS = YES_ERROR;
				CLANG_WARN_SUSPICIOUS_MOVE = YES;
				CLANG_WARN_UNREACHABLE_CODE = YES;
				CLANG_WARN__DUPLICATE_METHOD_MATCH = YES;
				"CODE_SIGN_IDENTITY[sdk=iphoneos*]" = "iPhone Developer";
				COPY_PHASE_STRIP = NO;
				DEBUG_INFORMATION_FORMAT = dwarf;
				ENABLE_STRICT_OBJC_MSGSEND = YES;
				ENABLE_TESTABILITY = YES;
				GCC_C_LANGUAGE_STANDARD = gnu99;
				GCC_DYNAMIC_NO_PIC = NO;
				GCC_NO_COMMON_BLOCKS = YES;
				GCC_OPTIMIZATION_LEVEL = 0;
				GCC_PREPROCESSOR_DEFINITIONS = (
					"DEBUG=1",
					"$(inherited)",
				);
				GCC_WARN_64_TO_32_BIT_CONVERSION = YES;
				GCC_WARN_ABOUT_RETURN_TYPE = YES_ERROR;
				GCC_WARN_UNDECLARED_SELECTOR = YES;
				GCC_WARN_UNINITIALIZED_AUTOS = YES_AGGRESSIVE;
				GCC_WARN_UNUSED_FUNCTION = YES;
				GCC_WARN_UNUSED_VARIABLE = YES;
				IPHONEOS_DEPLOYMENT_TARGET = 10.3;
				MTL_ENABLE_DEBUG_INFO = YES;
				ONLY_ACTIVE_ARCH = YES;
				SDKROOT = iphoneos;
				SWIFT_ACTIVE_COMPILATION_CONDITIONS = DEBUG;
				SWIFT_OPTIMIZATION_LEVEL = "-Onone";
				TARGETED_DEVICE_FAMILY = "1,2";
			};
			name = Debug;
		};
		CD1DA7CA1F604037005B6D29 /* Release */ = {
			isa = XCBuildConfiguration;
			buildSettings = {
				ALWAYS_SEARCH_USER_PATHS = NO;
				CLANG_ANALYZER_NONNULL = YES;
				CLANG_ANALYZER_NUMBER_OBJECT_CONVERSION = YES_AGGRESSIVE;
				CLANG_CXX_LANGUAGE_STANDARD = "gnu++0x";
				CLANG_CXX_LIBRARY = "libc++";
				CLANG_ENABLE_MODULES = YES;
				CLANG_ENABLE_OBJC_ARC = YES;
				CLANG_WARN_BOOL_CONVERSION = YES;
				CLANG_WARN_CONSTANT_CONVERSION = YES;
				CLANG_WARN_DIRECT_OBJC_ISA_USAGE = YES_ERROR;
				CLANG_WARN_DOCUMENTATION_COMMENTS = YES;
				CLANG_WARN_EMPTY_BODY = YES;
				CLANG_WARN_ENUM_CONVERSION = YES;
				CLANG_WARN_INFINITE_RECURSION = YES;
				CLANG_WARN_INT_CONVERSION = YES;
				CLANG_WARN_OBJC_ROOT_CLASS = YES_ERROR;
				CLANG_WARN_SUSPICIOUS_MOVE = YES;
				CLANG_WARN_UNREACHABLE_CODE = YES;
				CLANG_WARN__DUPLICATE_METHOD_MATCH = YES;
				"CODE_SIGN_IDENTITY[sdk=iphoneos*]" = "iPhone Developer";
				COPY_PHASE_STRIP = NO;
				DEBUG_INFORMATION_FORMAT = "dwarf-with-dsym";
				ENABLE_NS_ASSERTIONS = NO;
				ENABLE_STRICT_OBJC_MSGSEND = YES;
				GCC_C_LANGUAGE_STANDARD = gnu99;
				GCC_NO_COMMON_BLOCKS = YES;
				GCC_WARN_64_TO_32_BIT_CONVERSION = YES;
				GCC_WARN_ABOUT_RETURN_TYPE = YES_ERROR;
				GCC_WARN_UNDECLARED_SELECTOR = YES;
				GCC_WARN_UNINITIALIZED_AUTOS = YES_AGGRESSIVE;
				GCC_WARN_UNUSED_FUNCTION = YES;
				GCC_WARN_UNUSED_VARIABLE = YES;
				IPHONEOS_DEPLOYMENT_TARGET = 10.3;
				MTL_ENABLE_DEBUG_INFO = NO;
				SDKROOT = iphoneos;
				SWIFT_OPTIMIZATION_LEVEL = "-Owholemodule";
				TARGETED_DEVICE_FAMILY = "1,2";
				VALIDATE_PRODUCT = YES;
			};
			name = Release;
		};
		CD1DA7CC1F604037005B6D29 /* Debug */ = {
			isa = XCBuildConfiguration;
			buildSettings = {
				ASSETCATALOG_COMPILER_APPICON_NAME = AppIcon;
				DEVELOPMENT_TEAM = 73TVPW27J7;
				INFOPLIST_FILE = MapkitExample/Info.plist;
				LD_RUNPATH_SEARCH_PATHS = "$(inherited) @executable_path/Frameworks";
				PRODUCT_BUNDLE_IDENTIFIER = com.KentonDRaiford.MapkitExample;
				PRODUCT_NAME = "$(TARGET_NAME)";
				SWIFT_VERSION = 3.0;
			};
			name = Debug;
		};
		CD1DA7CD1F604037005B6D29 /* Release */ = {
			isa = XCBuildConfiguration;
			buildSettings = {
				ASSETCATALOG_COMPILER_APPICON_NAME = AppIcon;
				DEVELOPMENT_TEAM = 73TVPW27J7;
				INFOPLIST_FILE = MapkitExample/Info.plist;
				LD_RUNPATH_SEARCH_PATHS = "$(inherited) @executable_path/Frameworks";
				PRODUCT_BUNDLE_IDENTIFIER = com.KentonDRaiford.MapkitExample;
				PRODUCT_NAME = "$(TARGET_NAME)";
				SWIFT_VERSION = 3.0;
			};
			name = Release;
		};
/* End XCBuildConfiguration section */

/* Begin XCConfigurationList section */
		CD1DA7B41F604037005B6D29 /* Build configuration list for PBXProject "MapkitExample" */ = {
			isa = XCConfigurationList;
			buildConfigurations = (
				CD1DA7C91F604037005B6D29 /* Debug */,
				CD1DA7CA1F604037005B6D29 /* Release */,
			);
			defaultConfigurationIsVisible = 0;
			defaultConfigurationName = Release;
		};
		CD1DA7CB1F604037005B6D29 /* Build configuration list for PBXNativeTarget "MapkitExample" */ = {
			isa = XCConfigurationList;
			buildConfigurations = (
				CD1DA7CC1F604037005B6D29 /* Debug */,
				CD1DA7CD1F604037005B6D29 /* Release */,
			);
			defaultConfigurationIsVisible = 0;
		};
/* End XCConfigurationList section */
	};
	rootObject = CD1DA7B11F604037005B6D29 /* Project object */;
}
